
Microsoft Visual Studio Solution File, Format Version 12.00
# Visual Studio Version 17
VisualStudioVersion = 17.5.002.0
MinimumVisualStudioVersion = 10.0.40219.1
Project("{2150E333-8FDC-42A3-9474-1A3956D46DE8}") = "Backend", "Backend", "{A3392108-8A6D-4BF5-B05F-4CAFBF69F2A6}"
EndProject
Project("{9A19103F-16F7-4668-BE54-9A1E7A4F7556}") = "ArgentoApp.Backend.Business", "Backend\ArgentoApp.Backend.Business\ArgentoApp.Backend.Business.csproj", "{EB5DE442-50FB-48D9-B710-CB7DA3A6ED10}"
EndProject
Project("{9A19103F-16F7-4668-BE54-9A1E7A4F7556}") = "ArgentoApp.Backend.Shared", "Backend\ArgentoApp.Backend.Shared\ArgentoApp.Backend.Shared.csproj", "{5ED8EA0F-A32F-4028-A817-778B39D168C4}"
EndProject
Project("{9A19103F-16F7-4668-BE54-9A1E7A4F7556}") = "ArgentoApp.Backend.API", "Backend\ArgentoApp.Backend.API\ArgentoApp.Backend.API.csproj", "{B90DA08B-557D-4DE5-88F4-08BC5C11C7F8}"
EndProject
Project("{9A19103F-16F7-4668-BE54-9A1E7A4F7556}") = "ArgentoApp.Backend.Entity", "Backend\ArgentoApp.Backend.Entity\ArgentoApp.Backend.Entity.csproj", "{C5540BA1-CB4F-4845-AE93-2B03BB963EA8}"
EndProject
Project("{9A19103F-16F7-4668-BE54-9A1E7A4F7556}") = "ArgentoApp.Backend.Data", "Backend\ArgentoApp.Backend.Data\ArgentoApp.Backend.Data.csproj", "{2E63F7AF-9EA2-4619-93D4-770367766D1A}"
EndProject
Global
	GlobalSection(SolutionConfigurationPlatforms) = preSolution
		Debug|Any CPU = Debug|Any CPU
		Release|Any CPU = Release|Any CPU
	EndGlobalSection
	GlobalSection(ProjectConfigurationPlatforms) = postSolution
		{EB5DE442-50FB-48D9-B710-CB7DA3A6ED10}.Debug|Any CPU.ActiveCfg = Debug|Any CPU
		{EB5DE442-50FB-48D9-B710-CB7DA3A6ED10}.Debug|Any CPU.Build.0 = Debug|Any CPU
		{EB5DE442-50FB-48D9-B710-CB7DA3A6ED10}.Release|Any CPU.ActiveCfg = Release|Any CPU
		{EB5DE442-50FB-48D9-B710-CB7DA3A6ED10}.Release|Any CPU.Build.0 = Release|Any CPU
		{5ED8EA0F-A32F-4028-A817-778B39D168C4}.Debug|Any CPU.ActiveCfg = Debug|Any CPU
		{5ED8EA0F-A32F-4028-A817-778B39D168C4}.Debug|Any CPU.Build.0 = Debug|Any CPU
		{5ED8EA0F-A32F-4028-A817-778B39D168C4}.Release|Any CPU.ActiveCfg = Release|Any CPU
		{5ED8EA0F-A32F-4028-A817-778B39D168C4}.Release|Any CPU.Build.0 = Release|Any CPU
		{B90DA08B-557D-4DE5-88F4-08BC5C11C7F8}.Debug|Any CPU.ActiveCfg = Debug|Any CPU
		{B90DA08B-557D-4DE5-88F4-08BC5C11C7F8}.Debug|Any CPU.Build.0 = Debug|Any CPU
		{B90DA08B-557D-4DE5-88F4-08BC5C11C7F8}.Release|Any CPU.ActiveCfg = Release|Any CPU
		{B90DA08B-557D-4DE5-88F4-08BC5C11C7F8}.Release|Any CPU.Build.0 = Release|Any CPU
		{C5540BA1-CB4F-4845-AE93-2B03BB963EA8}.Debug|Any CPU.ActiveCfg = Debug|Any CPU
		{C5540BA1-CB4F-4845-AE93-2B03BB963EA8}.Debug|Any CPU.Build.0 = Debug|Any CPU
		{C5540BA1-CB4F-4845-AE93-2B03BB963EA8}.Release|Any CPU.ActiveCfg = Release|Any CPU
		{C5540BA1-CB4F-4845-AE93-2B03BB963EA8}.Release|Any CPU.Build.0 = Release|Any CPU
		{2E63F7AF-9EA2-4619-93D4-770367766D1A}.Debug|Any CPU.ActiveCfg = Debug|Any CPU
		{2E63F7AF-9EA2-4619-93D4-770367766D1A}.Debug|Any CPU.Build.0 = Debug|Any CPU
		{2E63F7AF-9EA2-4619-93D4-770367766D1A}.Release|Any CPU.ActiveCfg = Release|Any CPU
		{2E63F7AF-9EA2-4619-93D4-770367766D1A}.Release|Any CPU.Build.0 = Release|Any CPU
	EndGlobalSection
	GlobalSection(SolutionProperties) = preSolution
		HideSolutionNode = FALSE
	EndGlobalSection
	GlobalSection(NestedProjects) = preSolution
		{EB5DE442-50FB-48D9-B710-CB7DA3A6ED10} = {A3392108-8A6D-4BF5-B05F-4CAFBF69F2A6}
		{5ED8EA0F-A32F-4028-A817-778B39D168C4} = {A3392108-8A6D-4BF5-B05F-4CAFBF69F2A6}
		{B90DA08B-557D-4DE5-88F4-08BC5C11C7F8} = {A3392108-8A6D-4BF5-B05F-4CAFBF69F2A6}
		{C5540BA1-CB4F-4845-AE93-2B03BB963EA8} = {A3392108-8A6D-4BF5-B05F-4CAFBF69F2A6}
		{2E63F7AF-9EA2-4619-93D4-770367766D1A} = {A3392108-8A6D-4BF5-B05F-4CAFBF69F2A6}
	EndGlobalSection
	GlobalSection(ExtensibilityGlobals) = postSolution
		SolutionGuid = {2A36BE60-DFE5-4EAE-A7D0-B1279E206EFE}
	EndGlobalSection
EndGlobal
